
Microsoft Visual Studio Solution File, Format Version 12.00
# Visual Studio Version 17
VisualStudioVersion = 17.0.31903.59
MinimumVisualStudioVersion = 10.0.40219.1
Project("{2150E333-8FDC-42A3-9474-1A3956D46DE8}") = "src", "src", "{305521A1-1B7A-4F69-A246-8D9CE885160A}"
EndProject
Project("{FAE04EC0-301F-11D3-BF4B-00C04F79EFBC}") = "CTPFuture.Net", "src\CTPFuture.Net\CTPFuture.Net.csproj", "{14F6C32B-3A98-4201-A5FB-AC6E67C25F60}"
EndProject
Project("{2150E333-8FDC-42A3-9474-1A3956D46DE8}") = "tests", "tests", "{494386B6-B74A-4D2B-A179-F8461C69C3F2}"
EndProject
Project("{2150E333-8FDC-42A3-9474-1A3956D46DE8}") = "items", "items", "{A98F0B49-E244-4C95-BDE3-69FFE18C0716}"
	ProjectSection(SolutionItems) = preProject
		.csharpierrc.json = .csharpierrc.json
		.gitattributes = .gitattributes
		.gitignore = .gitignore
		ReadMe.md = ReadMe.md
	EndProjectSection
EndProject
Project("{FAE04EC0-301F-11D3-BF4B-00C04F79EFBC}") = "CtpFuture.Demo", "tests\CtpFuture.Demo\CtpFuture.Demo.csproj", "{0D9B07C3-A6E2-4ABC-AC6A-177B9BE24815}"
EndProject
Project("{9A19103F-16F7-4668-BE54-9A1E7A4F7556}") = "_build", "build\_build.csproj", "{40AFA226-991E-4FCE-8E78-EAE06BC47616}"
EndProject
Global
	GlobalSection(SolutionConfigurationPlatforms) = preSolution
		Debug|Any CPU = Debug|Any CPU
		Release|Any CPU = Release|Any CPU
	EndGlobalSection
	GlobalSection(ProjectConfigurationPlatforms) = postSolution
		{40AFA226-991E-4FCE-8E78-EAE06BC47616}.Debug|Any CPU.ActiveCfg = Debug|Any CPU
		{40AFA226-991E-4FCE-8E78-EAE06BC47616}.Release|Any CPU.ActiveCfg = Release|Any CPU
		{14F6C32B-3A98-4201-A5FB-AC6E67C25F60}.Debug|Any CPU.ActiveCfg = Debug|Any CPU
		{14F6C32B-3A98-4201-A5FB-AC6E67C25F60}.Debug|Any CPU.Build.0 = Debug|Any CPU
		{14F6C32B-3A98-4201-A5FB-AC6E67C25F60}.Release|Any CPU.ActiveCfg = Release|Any CPU
		{14F6C32B-3A98-4201-A5FB-AC6E67C25F60}.Release|Any CPU.Build.0 = Release|Any CPU
		{0D9B07C3-A6E2-4ABC-AC6A-177B9BE24815}.Debug|Any CPU.ActiveCfg = Debug|Any CPU
		{0D9B07C3-A6E2-4ABC-AC6A-177B9BE24815}.Debug|Any CPU.Build.0 = Debug|Any CPU
		{0D9B07C3-A6E2-4ABC-AC6A-177B9BE24815}.Release|Any CPU.ActiveCfg = Release|Any CPU
		{0D9B07C3-A6E2-4ABC-AC6A-177B9BE24815}.Release|Any CPU.Build.0 = Release|Any CPU
	EndGlobalSection
	GlobalSection(SolutionProperties) = preSolution
		HideSolutionNode = FALSE
	EndGlobalSection
	GlobalSection(NestedProjects) = preSolution
		{14F6C32B-3A98-4201-A5FB-AC6E67C25F60} = {305521A1-1B7A-4F69-A246-8D9CE885160A}
		{0D9B07C3-A6E2-4ABC-AC6A-177B9BE24815} = {494386B6-B74A-4D2B-A179-F8461C69C3F2}
	EndGlobalSection
EndGlobal
