
Microsoft Visual Studio Solution File, Format Version 12.00
# Visual Studio Version 17
VisualStudioVersion = 17.0.31903.59
MinimumVisualStudioVersion = 10.0.40219.1
Project("{2150E333-8FDC-42A3-9474-1A3956D46DE8}") = "src", "src", "{305521A1-1B7A-4F69-A246-8D9CE885160A}"
EndProject
Project("{FAE04EC0-301F-11D3-BF4B-00C04F79EFBC}") = "CTPFuture.Net", "src\CTPFuture.Net\CTPFuture.Net.csproj", "{14F6C32B-3A98-4201-A5FB-AC6E67C25F60}"
EndProject
Project("{2150E333-8FDC-42A3-9474-1A3956D46DE8}") = "tests", "tests", "{494386B6-B74A-4D2B-A179-F8461C69C3F2}"
EndProject
Project("{FAE04EC0-301F-11D3-BF4B-00C04F79EFBC}") = "CtpFuture.Tests", "tests\CtpFuture.Tests\CtpFuture.Tests.csproj", "{9E989B77-8537-4185-8B31-4BC556D03C43}"
EndProject
Project("{8BC9CEB8-8B4A-11D0-8D11-00A0C91BC942}") = "CTPFutureApi", "src\CTPFutureApi\CTPFutureApi.vcxproj", "{F38BFF5B-B787-4B47-A230-DDE7F0D33099}"
EndProject
Global
	GlobalSection(SolutionConfigurationPlatforms) = preSolution
		Debug|Any CPU = Debug|Any CPU
		Release|Any CPU = Release|Any CPU
	EndGlobalSection
	GlobalSection(ProjectConfigurationPlatforms) = postSolution
		{14F6C32B-3A98-4201-A5FB-AC6E67C25F60}.Debug|Any CPU.ActiveCfg = Debug|Any CPU
		{14F6C32B-3A98-4201-A5FB-AC6E67C25F60}.Debug|Any CPU.Build.0 = Debug|Any CPU
		{14F6C32B-3A98-4201-A5FB-AC6E67C25F60}.Release|Any CPU.ActiveCfg = Release|Any CPU
		{14F6C32B-3A98-4201-A5FB-AC6E67C25F60}.Release|Any CPU.Build.0 = Release|Any CPU
		{9E989B77-8537-4185-8B31-4BC556D03C43}.Debug|Any CPU.ActiveCfg = Debug|Any CPU
		{9E989B77-8537-4185-8B31-4BC556D03C43}.Debug|Any CPU.Build.0 = Debug|Any CPU
		{9E989B77-8537-4185-8B31-4BC556D03C43}.Release|Any CPU.ActiveCfg = Release|Any CPU
		{9E989B77-8537-4185-8B31-4BC556D03C43}.Release|Any CPU.Build.0 = Release|Any CPU
		{F38BFF5B-B787-4B47-A230-DDE7F0D33099}.Debug|Any CPU.ActiveCfg = Debug|x64
		{F38BFF5B-B787-4B47-A230-DDE7F0D33099}.Debug|Any CPU.Build.0 = Debug|x64
		{F38BFF5B-B787-4B47-A230-DDE7F0D33099}.Release|Any CPU.ActiveCfg = Release|x64
		{F38BFF5B-B787-4B47-A230-DDE7F0D33099}.Release|Any CPU.Build.0 = Release|x64
	EndGlobalSection
	GlobalSection(SolutionProperties) = preSolution
		HideSolutionNode = FALSE
	EndGlobalSection
	GlobalSection(NestedProjects) = preSolution
		{14F6C32B-3A98-4201-A5FB-AC6E67C25F60} = {305521A1-1B7A-4F69-A246-8D9CE885160A}
		{9E989B77-8537-4185-8B31-4BC556D03C43} = {494386B6-B74A-4D2B-A179-F8461C69C3F2}
		{F38BFF5B-B787-4B47-A230-DDE7F0D33099} = {305521A1-1B7A-4F69-A246-8D9CE885160A}
	EndGlobalSection
EndGlobal
